// !$*UTF8*$!
{
	archiveVersion = 1;
	classes = {
	};
	objectVersion = 77;
	objects = {

/* Begin PBXBuildFile section */
		061FDB6E163825102F92D49D /* Assets.xcassets in Resources */ = {isa = PBXBuildFile; fileRef = B9639AF2F385D3E823294B9F /* Assets.xcassets */; };
		14C3C01EC898EC66B2C155AD /* NotificationMonitor.swift in Sources */ = {isa = PBXBuildFile; fileRef = 0379CC37E8C44BAE250B52B4 /* NotificationMonitor.swift */; };
		17A56AAEE074F81788E3399E /* ExpiryManager.swift in Sources */ = {isa = PBXBuildFile; fileRef = 67829277E2397C6182BC9D23 /* ExpiryManager.swift */; };
		1E400F17D73600F313972FEB /* AppState.swift in Sources */ = {isa = PBXBuildFile; fileRef = C2740F50AD63EC3AB9BF97FD /* AppState.swift */; };
		22DF832970A49E71F5F62433 /* EmptyStateView.swift in Sources */ = {isa = PBXBuildFile; fileRef = 580811D6D326F6708E6EB55B /* EmptyStateView.swift */; };
		23FB2CAB1B8AE59FE2D2F7F4 /* DemoDataProvider.swift in Sources */ = {isa = PBXBuildFile; fileRef = 29236638AD9B94E2537F1BFC /* DemoDataProvider.swift */; };
		2592969AA0AA4CB68AA643AB /* NotificationRecord.swift in Sources */ = {isa = PBXBuildFile; fileRef = FF4550D3CD259ED0D18877B0 /* NotificationRecord.swift */; };
		34D20843261C4A26CDC96D3F /* PlistParser.swift in Sources */ = {isa = PBXBuildFile; fileRef = B65A709F4C354DB4D4031EB6 /* PlistParser.swift */; };
		38E261C3732EF19A773E4EA2 /* EventAggregator.swift in Sources */ = {isa = PBXBuildFile; fileRef = 30304A6F99362D8AB7D3A848 /* EventAggregator.swift */; };
		398545840116AE6BD2648205 /* CardStackView.swift in Sources */ = {isa = PBXBuildFile; fileRef = 16965AF2797358001F01BA5D /* CardStackView.swift */; };
		3A6B134D49DC1299FAF7DECF /* TaskCardView.swift in Sources */ = {isa = PBXBuildFile; fileRef = 33E77D908D57BADBC8468D6C /* TaskCardView.swift */; };
		41FE4D873F9AF06B993B74BF /* SettingsView.swift in Sources */ = {isa = PBXBuildFile; fileRef = 62EF4F4FACD0A9DBD52364A9 /* SettingsView.swift */; };
		5B16ADED6089C6181186DCBA /* AppCoordinator.swift in Sources */ = {isa = PBXBuildFile; fileRef = C2C31C5F552AADF8CFF221FB /* AppCoordinator.swift */; };
		6356E83499017149C7AE4270 /* TaskItem.swift in Sources */ = {isa = PBXBuildFile; fileRef = C92BDAC03677F80331C9BF2F /* TaskItem.swift */; };
		6870F9FA1348DBE9BB9E6B1C /* CleanupView.swift in Sources */ = {isa = PBXBuildFile; fileRef = 9508E7E58AB23D875EC1ED96 /* CleanupView.swift */; };
		6EA12008E81C8CC1A4D354E5 /* Ollama in Frameworks */ = {isa = PBXBuildFile; productRef = 03AF31DE5C0B43D043890465 /* Ollama */; };
		730FFB3E275A3DB50E459682 /* SwipeDirection.swift in Sources */ = {isa = PBXBuildFile; fileRef = BA6B64AE1848A1AE799D65B2 /* SwipeDirection.swift */; };
		881BAAEFBAFDB371CA21209C /* UrgentAlertService.swift in Sources */ = {isa = PBXBuildFile; fileRef = D74816B86E722BB460DCABB8 /* UrgentAlertService.swift */; };
		A55E4D9970006DEAB7D186AB /* LLMService.swift in Sources */ = {isa = PBXBuildFile; fileRef = 736025FA576FB70AA39A04BD /* LLMService.swift */; };
		A9012F3BACD44BFAE3981691 /* HistoryView.swift in Sources */ = {isa = PBXBuildFile; fileRef = 79B0554A248A6152A53DEA71 /* HistoryView.swift */; };
		AB7D8F7C82CC4B29D2F54FDF /* PopoverRoot.swift in Sources */ = {isa = PBXBuildFile; fileRef = 129CC95DFD527C815697130E /* PopoverRoot.swift */; };
		AF18A31D4B7B71E115B74836 /* LLMScheduler.swift in Sources */ = {isa = PBXBuildFile; fileRef = 9BD8D3464FF0B1AF05B46560 /* LLMScheduler.swift */; };
		B5AED25EE4E9B0EAD09C20FE /* AddTaskView.swift in Sources */ = {isa = PBXBuildFile; fileRef = A695421B515E0E164A4AE3D0 /* AddTaskView.swift */; };
		BB5250B415405B87A68E37D9 /* OnboardingView.swift in Sources */ = {isa = PBXBuildFile; fileRef = BEE03DF0CE2206EB6D9EEF38 /* OnboardingView.swift */; };
		C48BA6B2BC990695DB0FAF02 /* OllamaProvider.swift in Sources */ = {isa = PBXBuildFile; fileRef = 20DF6F5BB75942EDF68CCE99 /* OllamaProvider.swift */; };
		CB1963B260431DE0AA891C11 /* AppIconProvider.swift in Sources */ = {isa = PBXBuildFile; fileRef = 5D28E299F46C098BD657F77E /* AppIconProvider.swift */; };
		D0CB477D30508F1AA8BAC574 /* MindKeeperApp.swift in Sources */ = {isa = PBXBuildFile; fileRef = 0B5F9A2EA549E2311B3A5A38 /* MindKeeperApp.swift */; };
		DF10B7CC52F4AB8D7691B11A /* UserMemory.swift in Sources */ = {isa = PBXBuildFile; fileRef = 954864AAD4BEC1BAD2A76E42 /* UserMemory.swift */; };
		E2AC9CF90FC55E656C0ACCB1 /* PriorityEngine.swift in Sources */ = {isa = PBXBuildFile; fileRef = BA5E3BD90A2265426C070437 /* PriorityEngine.swift */; };
		F4A6F638DA6A2873BBCB90CE /* CloudLLMProvider.swift in Sources */ = {isa = PBXBuildFile; fileRef = F60687D3C87D65C527E0AA94 /* CloudLLMProvider.swift */; };
		FA8B820C629A469B0F1DAE16 /* MemoryStore.swift in Sources */ = {isa = PBXBuildFile; fileRef = D96C8CFE6D366319C7662727 /* MemoryStore.swift */; };
/* End PBXBuildFile section */

/* Begin PBXFileReference section */
		0379CC37E8C44BAE250B52B4 /* NotificationMonitor.swift */ = {isa = PBXFileReference; lastKnownFileType = sourcecode.swift; path = NotificationMonitor.swift; sourceTree = "<group>"; };
		0B5F9A2EA549E2311B3A5A38 /* MindKeeperApp.swift */ = {isa = PBXFileReference; lastKnownFileType = sourcecode.swift; path = MindKeeperApp.swift; sourceTree = "<group>"; };
		10C9395D3AD20A89363DDACD /* MindKeeper.app */ = {isa = PBXFileReference; explicitFileType = wrapper.application; includeInIndex = 0; path = MindKeeper.app; sourceTree = BUILT_PRODUCTS_DIR; };
		129CC95DFD527C815697130E /* PopoverRoot.swift */ = {isa = PBXFileReference; lastKnownFileType = sourcecode.swift; path = PopoverRoot.swift; sourceTree = "<group>"; };
		16965AF2797358001F01BA5D /* CardStackView.swift */ = {isa = PBXFileReference; lastKnownFileType = sourcecode.swift; path = CardStackView.swift; sourceTree = "<group>"; };
		20DF6F5BB75942EDF68CCE99 /* OllamaProvider.swift */ = {isa = PBXFileReference; lastKnownFileType = sourcecode.swift; path = OllamaProvider.swift; sourceTree = "<group>"; };
		29236638AD9B94E2537F1BFC /* DemoDataProvider.swift */ = {isa = PBXFileReference; lastKnownFileType = sourcecode.swift; path = DemoDataProvider.swift; sourceTree = "<group>"; };
		30304A6F99362D8AB7D3A848 /* EventAggregator.swift */ = {isa = PBXFileReference; lastKnownFileType = sourcecode.swift; path = EventAggregator.swift; sourceTree = "<group>"; };
		33E77D908D57BADBC8468D6C /* TaskCardView.swift */ = {isa = PBXFileReference; lastKnownFileType = sourcecode.swift; path = TaskCardView.swift; sourceTree = "<group>"; };
		580811D6D326F6708E6EB55B /* EmptyStateView.swift */ = {isa = PBXFileReference; lastKnownFileType = sourcecode.swift; path = EmptyStateView.swift; sourceTree = "<group>"; };
		5D28E299F46C098BD657F77E /* AppIconProvider.swift */ = {isa = PBXFileReference; lastKnownFileType = sourcecode.swift; path = AppIconProvider.swift; sourceTree = "<group>"; };
		62EF4F4FACD0A9DBD52364A9 /* SettingsView.swift */ = {isa = PBXFileReference; lastKnownFileType = sourcecode.swift; path = SettingsView.swift; sourceTree = "<group>"; };
		67829277E2397C6182BC9D23 /* ExpiryManager.swift */ = {isa = PBXFileReference; lastKnownFileType = sourcecode.swift; path = ExpiryManager.swift; sourceTree = "<group>"; };
		736025FA576FB70AA39A04BD /* LLMService.swift */ = {isa = PBXFileReference; lastKnownFileType = sourcecode.swift; path = LLMService.swift; sourceTree = "<group>"; };
		79B0554A248A6152A53DEA71 /* HistoryView.swift */ = {isa = PBXFileReference; lastKnownFileType = sourcecode.swift; path = HistoryView.swift; sourceTree = "<group>"; };
		9508E7E58AB23D875EC1ED96 /* CleanupView.swift */ = {isa = PBXFileReference; lastKnownFileType = sourcecode.swift; path = CleanupView.swift; sourceTree = "<group>"; };
		954864AAD4BEC1BAD2A76E42 /* UserMemory.swift */ = {isa = PBXFileReference; lastKnownFileType = sourcecode.swift; path = UserMemory.swift; sourceTree = "<group>"; };
		9BC7E49B6D22A657E11203B0 /* MindKeeper.entitlements */ = {isa = PBXFileReference; lastKnownFileType = text.plist.entitlements; path = MindKeeper.entitlements; sourceTree = "<group>"; };
		9BD8D3464FF0B1AF05B46560 /* LLMScheduler.swift */ = {isa = PBXFileReference; lastKnownFileType = sourcecode.swift; path = LLMScheduler.swift; sourceTree = "<group>"; };
		A695421B515E0E164A4AE3D0 /* AddTaskView.swift */ = {isa = PBXFileReference; lastKnownFileType = sourcecode.swift; path = AddTaskView.swift; sourceTree = "<group>"; };
		B65A709F4C354DB4D4031EB6 /* PlistParser.swift */ = {isa = PBXFileReference; lastKnownFileType = sourcecode.swift; path = PlistParser.swift; sourceTree = "<group>"; };
		B9639AF2F385D3E823294B9F /* Assets.xcassets */ = {isa = PBXFileReference; lastKnownFileType = folder.assetcatalog; path = Assets.xcassets; sourceTree = "<group>"; };
		BA5E3BD90A2265426C070437 /* PriorityEngine.swift */ = {isa = PBXFileReference; lastKnownFileType = sourcecode.swift; path = PriorityEngine.swift; sourceTree = "<group>"; };
		BA6B64AE1848A1AE799D65B2 /* SwipeDirection.swift */ = {isa = PBXFileReference; lastKnownFileType = sourcecode.swift; path = SwipeDirection.swift; sourceTree = "<group>"; };
		BEE03DF0CE2206EB6D9EEF38 /* OnboardingView.swift */ = {isa = PBXFileReference; lastKnownFileType = sourcecode.swift; path = OnboardingView.swift; sourceTree = "<group>"; };
		C2740F50AD63EC3AB9BF97FD /* AppState.swift */ = {isa = PBXFileReference; lastKnownFileType = sourcecode.swift; path = AppState.swift; sourceTree = "<group>"; };
		C2C31C5F552AADF8CFF221FB /* AppCoordinator.swift */ = {isa = PBXFileReference; lastKnownFileType = sourcecode.swift; path = AppCoordinator.swift; sourceTree = "<group>"; };
		C92BDAC03677F80331C9BF2F /* TaskItem.swift */ = {isa = PBXFileReference; lastKnownFileType = sourcecode.swift; path = TaskItem.swift; sourceTree = "<group>"; };
		D74816B86E722BB460DCABB8 /* UrgentAlertService.swift */ = {isa = PBXFileReference; lastKnownFileType = sourcecode.swift; path = UrgentAlertService.swift; sourceTree = "<group>"; };
		D93A71D0BB459CDAEF2A7A7E /* Info.plist */ = {isa = PBXFileReference; lastKnownFileType = text.plist; path = Info.plist; sourceTree = "<group>"; };
		D96C8CFE6D366319C7662727 /* MemoryStore.swift */ = {isa = PBXFileReference; lastKnownFileType = sourcecode.swift; path = MemoryStore.swift; sourceTree = "<group>"; };
		F60687D3C87D65C527E0AA94 /* CloudLLMProvider.swift */ = {isa = PBXFileReference; lastKnownFileType = sourcecode.swift; path = CloudLLMProvider.swift; sourceTree = "<group>"; };
		FF4550D3CD259ED0D18877B0 /* NotificationRecord.swift */ = {isa = PBXFileReference; lastKnownFileType = sourcecode.swift; path = NotificationRecord.swift; sourceTree = "<group>"; };
/* End PBXFileReference section */

/* Begin PBXFrameworksBuildPhase section */
		4C26E6E8946DACF0E95EEC94 /* Frameworks */ = {
			isa = PBXFrameworksBuildPhase;
			buildActionMask = 2147483647;
			files = (
				6EA12008E81C8CC1A4D354E5 /* Ollama in Frameworks */,
			);
			runOnlyForDeploymentPostprocessing = 0;
		};
/* End PBXFrameworksBuildPhase section */

/* Begin PBXGroup section */
		0C4230356A1900BB9F6894FC /* Services */ = {
			isa = PBXGroup;
			children = (
				5D28E299F46C098BD657F77E /* AppIconProvider.swift */,
				F60687D3C87D65C527E0AA94 /* CloudLLMProvider.swift */,
				29236638AD9B94E2537F1BFC /* DemoDataProvider.swift */,
				30304A6F99362D8AB7D3A848 /* EventAggregator.swift */,
				67829277E2397C6182BC9D23 /* ExpiryManager.swift */,
				9BD8D3464FF0B1AF05B46560 /* LLMScheduler.swift */,
				736025FA576FB70AA39A04BD /* LLMService.swift */,
				D96C8CFE6D366319C7662727 /* MemoryStore.swift */,
				0379CC37E8C44BAE250B52B4 /* NotificationMonitor.swift */,
				20DF6F5BB75942EDF68CCE99 /* OllamaProvider.swift */,
				B65A709F4C354DB4D4031EB6 /* PlistParser.swift */,
				BA5E3BD90A2265426C070437 /* PriorityEngine.swift */,
				D74816B86E722BB460DCABB8 /* UrgentAlertService.swift */,
			);
			path = Services;
			sourceTree = "<group>";
		};
		29D7160A00A326E703D995AF /* Products */ = {
			isa = PBXGroup;
			children = (
				10C9395D3AD20A89363DDACD /* MindKeeper.app */,
			);
			name = Products;
			sourceTree = "<group>";
		};
		2BD2639CC620A28AF4116392 /* Resources */ = {
			isa = PBXGroup;
			children = (
				B9639AF2F385D3E823294B9F /* Assets.xcassets */,
				D93A71D0BB459CDAEF2A7A7E /* Info.plist */,
				9BC7E49B6D22A657E11203B0 /* MindKeeper.entitlements */,
			);
			path = Resources;
			sourceTree = "<group>";
		};
		823C5B63BCC823B3E1E4A721 /* Models */ = {
			isa = PBXGroup;
			children = (
				FF4550D3CD259ED0D18877B0 /* NotificationRecord.swift */,
				C92BDAC03677F80331C9BF2F /* TaskItem.swift */,
				954864AAD4BEC1BAD2A76E42 /* UserMemory.swift */,
			);
			path = Models;
			sourceTree = "<group>";
		};
		8355F047E15811E37D8D3558 = {
			isa = PBXGroup;
			children = (
				EF94119FDC05B91409559E52 /* MindKeeper */,
				29D7160A00A326E703D995AF /* Products */,
			);
			sourceTree = "<group>";
		};
		945E3D33E92C389CAABC4987 /* Views */ = {
			isa = PBXGroup;
			children = (
				A695421B515E0E164A4AE3D0 /* AddTaskView.swift */,
				16965AF2797358001F01BA5D /* CardStackView.swift */,
				9508E7E58AB23D875EC1ED96 /* CleanupView.swift */,
				580811D6D326F6708E6EB55B /* EmptyStateView.swift */,
				79B0554A248A6152A53DEA71 /* HistoryView.swift */,
				BEE03DF0CE2206EB6D9EEF38 /* OnboardingView.swift */,
				129CC95DFD527C815697130E /* PopoverRoot.swift */,
				62EF4F4FACD0A9DBD52364A9 /* SettingsView.swift */,
				BA6B64AE1848A1AE799D65B2 /* SwipeDirection.swift */,
				33E77D908D57BADBC8468D6C /* TaskCardView.swift */,
			);
			path = Views;
			sourceTree = "<group>";
		};
		CDC8FC96A128D7147CD73E9F /* App */ = {
			isa = PBXGroup;
			children = (
				C2C31C5F552AADF8CFF221FB /* AppCoordinator.swift */,
				C2740F50AD63EC3AB9BF97FD /* AppState.swift */,
				0B5F9A2EA549E2311B3A5A38 /* MindKeeperApp.swift */,
			);
			path = App;
			sourceTree = "<group>";
		};
		EF94119FDC05B91409559E52 /* MindKeeper */ = {
			isa = PBXGroup;
			children = (
				CDC8FC96A128D7147CD73E9F /* App */,
				823C5B63BCC823B3E1E4A721 /* Models */,
				2BD2639CC620A28AF4116392 /* Resources */,
				0C4230356A1900BB9F6894FC /* Services */,
				945E3D33E92C389CAABC4987 /* Views */,
			);
			path = MindKeeper;
			sourceTree = "<group>";
		};
/* End PBXGroup section */

/* Begin PBXNativeTarget section */
		8A6421CED81006F3C0268A77 /* MindKeeper */ = {
			isa = PBXNativeTarget;
			buildConfigurationList = 8463448350C70F4E08372E1E /* Build configuration list for PBXNativeTarget "MindKeeper" */;
			buildPhases = (
				AFFF14E33E636805E1B2B4CB /* Sources */,
				077C74E59E0BE05495A76E1C /* Resources */,
				4C26E6E8946DACF0E95EEC94 /* Frameworks */,
			);
			buildRules = (
			);
			dependencies = (
			);
			name = MindKeeper;
			packageProductDependencies = (
				03AF31DE5C0B43D043890465 /* Ollama */,
			);
			productName = MindKeeper;
			productReference = 10C9395D3AD20A89363DDACD /* MindKeeper.app */;
			productType = "com.apple.product-type.application";
		};
/* End PBXNativeTarget section */

/* Begin PBXProject section */
		BADD2D96D4F475BE89110B9F /* Project object */ = {
			isa = PBXProject;
			attributes = {
				BuildIndependentTargetsInParallel = YES;
				LastUpgradeCheck = 1700;
			};
			buildConfigurationList = 32D1925256331D73E47D484E /* Build configuration list for PBXProject "MindKeeper" */;
			compatibilityVersion = "Xcode 14.0";
			developmentRegion = en;
			hasScannedForEncodings = 0;
			knownRegions = (
				Base,
				en,
			);
			mainGroup = 8355F047E15811E37D8D3558;
			minimizedProjectReferenceProxies = 1;
			packageReferences = (
				F2F240A20F0EEF424093718B /* XCRemoteSwiftPackageReference "ollama-swift" */,
			);
			preferredProjectObjectVersion = 77;
			projectDirPath = "";
			projectRoot = "";
			targets = (
				8A6421CED81006F3C0268A77 /* MindKeeper */,
			);
		};
/* End PBXProject section */

/* Begin PBXResourcesBuildPhase section */
		077C74E59E0BE05495A76E1C /* Resources */ = {
			isa = PBXResourcesBuildPhase;
			buildActionMask = 2147483647;
			files = (
				061FDB6E163825102F92D49D /* Assets.xcassets in Resources */,
			);
			runOnlyForDeploymentPostprocessing = 0;
		};
/* End PBXResourcesBuildPhase section */

/* Begin PBXSourcesBuildPhase section */
		AFFF14E33E636805E1B2B4CB /* Sources */ = {
			isa = PBXSourcesBuildPhase;
			buildActionMask = 2147483647;
			files = (
				B5AED25EE4E9B0EAD09C20FE /* AddTaskView.swift in Sources */,
				5B16ADED6089C6181186DCBA /* AppCoordinator.swift in Sources */,
				CB1963B260431DE0AA891C11 /* AppIconProvider.swift in Sources */,
				1E400F17D73600F313972FEB /* AppState.swift in Sources */,
				398545840116AE6BD2648205 /* CardStackView.swift in Sources */,
				6870F9FA1348DBE9BB9E6B1C /* CleanupView.swift in Sources */,
				F4A6F638DA6A2873BBCB90CE /* CloudLLMProvider.swift in Sources */,
				23FB2CAB1B8AE59FE2D2F7F4 /* DemoDataProvider.swift in Sources */,
				22DF832970A49E71F5F62433 /* EmptyStateView.swift in Sources */,
				38E261C3732EF19A773E4EA2 /* EventAggregator.swift in Sources */,
				17A56AAEE074F81788E3399E /* ExpiryManager.swift in Sources */,
				A9012F3BACD44BFAE3981691 /* HistoryView.swift in Sources */,
				AF18A31D4B7B71E115B74836 /* LLMScheduler.swift in Sources */,
				A55E4D9970006DEAB7D186AB /* LLMService.swift in Sources */,
				FA8B820C629A469B0F1DAE16 /* MemoryStore.swift in Sources */,
				D0CB477D30508F1AA8BAC574 /* MindKeeperApp.swift in Sources */,
				14C3C01EC898EC66B2C155AD /* NotificationMonitor.swift in Sources */,
				2592969AA0AA4CB68AA643AB /* NotificationRecord.swift in Sources */,
				C48BA6B2BC990695DB0FAF02 /* OllamaProvider.swift in Sources */,
				BB5250B415405B87A68E37D9 /* OnboardingView.swift in Sources */,
				34D20843261C4A26CDC96D3F /* PlistParser.swift in Sources */,
				AB7D8F7C82CC4B29D2F54FDF /* PopoverRoot.swift in Sources */,
				E2AC9CF90FC55E656C0ACCB1 /* PriorityEngine.swift in Sources */,
				41FE4D873F9AF06B993B74BF /* SettingsView.swift in Sources */,
				730FFB3E275A3DB50E459682 /* SwipeDirection.swift in Sources */,
				3A6B134D49DC1299FAF7DECF /* TaskCardView.swift in Sources */,
				6356E83499017149C7AE4270 /* TaskItem.swift in Sources */,
				881BAAEFBAFDB371CA21209C /* UrgentAlertService.swift in Sources */,
				DF10B7CC52F4AB8D7691B11A /* UserMemory.swift in Sources */,
			);
			runOnlyForDeploymentPostprocessing = 0;
		};
/* End PBXSourcesBuildPhase section */

/* Begin XCBuildConfiguration section */
		0B91CB5B47BD0260DD929B23 /* Debug */ = {
			isa = XCBuildConfiguration;
			buildSettings = {
				ASSETCATALOG_COMPILER_APPICON_NAME = AppIcon;
				CODE_SIGN_ENTITLEMENTS = MindKeeper/Resources/MindKeeper.entitlements;
				COMBINE_HIDPI_IMAGES = YES;
				INFOPLIST_FILE = MindKeeper/Resources/Info.plist;
				LD_RUNPATH_SEARCH_PATHS = (
					"$(inherited)",
					"@executable_path/../Frameworks",
				);
				PRODUCT_BUNDLE_IDENTIFIER = com.mindkeeper.app;
				PRODUCT_NAME = "Mind Keeper";
				SDKROOT = macosx;
			};
			name = Debug;
		};
		2ED7823DF787A91F27B8DA2E /* Release */ = {
			isa = XCBuildConfiguration;
			buildSettings = {
				ALWAYS_SEARCH_USER_PATHS = NO;
				CLANG_ANALYZER_NONNULL = YES;
				CLANG_ANALYZER_NUMBER_OBJECT_CONVERSION = YES_AGGRESSIVE;
				CLANG_CXX_LANGUAGE_STANDARD = "gnu++14";
				CLANG_CXX_LIBRARY = "libc++";
				CLANG_ENABLE_MODULES = YES;
				CLANG_ENABLE_OBJC_ARC = YES;
				CLANG_ENABLE_OBJC_WEAK = YES;
				CLANG_WARN_BLOCK_CAPTURE_AUTORELEASING = YES;
				CLANG_WARN_BOOL_CONVERSION = YES;
				CLANG_WARN_COMMA = YES;
				CLANG_WARN_CONSTANT_CONVERSION = YES;
				CLANG_WARN_DEPRECATED_OBJC_IMPLEMENTATIONS = YES;
				CLANG_WARN_DIRECT_OBJC_ISA_USAGE = YES_ERROR;
				CLANG_WARN_DOCUMENTATION_COMMENTS = YES;
				CLANG_WARN_EMPTY_BODY = YES;
				CLANG_WARN_ENUM_CONVERSION = YES;
				CLANG_WARN_INFINITE_RECURSION = YES;
				CLANG_WARN_INT_CONVERSION = YES;
				CLANG_WARN_NON_LITERAL_NULL_CONVERSION = YES;
				CLANG_WARN_OBJC_IMPLICIT_RETAIN_SELF = YES;
				CLANG_WARN_OBJC_LITERAL_CONVERSION = YES;
				CLANG_WARN_OBJC_ROOT_CLASS = YES_ERROR;
				CLANG_WARN_QUOTED_INCLUDE_IN_FRAMEWORK_HEADER = YES;
				CLANG_WARN_RANGE_LOOP_ANALYSIS = YES;
				CLANG_WARN_STRICT_PROTOTYPES = YES;
				CLANG_WARN_SUSPICIOUS_MOVE = YES;
				CLANG_WARN_UNGUARDED_AVAILABILITY = YES_AGGRESSIVE;
				CLANG_WARN_UNREACHABLE_CODE = YES;
				CLANG_WARN__DUPLICATE_METHOD_MATCH = YES;
				COPY_PHASE_STRIP = NO;
				DEBUG_INFORMATION_FORMAT = "dwarf-with-dsym";
				ENABLE_NS_ASSERTIONS = NO;
				ENABLE_STRICT_OBJC_MSGSEND = YES;
				ENABLE_USER_SCRIPT_SANDBOXING = NO;
				GCC_C_LANGUAGE_STANDARD = gnu11;
				GCC_NO_COMMON_BLOCKS = YES;
				GCC_WARN_64_TO_32_BIT_CONVERSION = YES;
				GCC_WARN_ABOUT_RETURN_TYPE = YES_ERROR;
				GCC_WARN_UNDECLARED_SELECTOR = YES;
				GCC_WARN_UNINITIALIZED_AUTOS = YES_AGGRESSIVE;
				GCC_WARN_UNUSED_FUNCTION = YES;
				GCC_WARN_UNUSED_VARIABLE = YES;
				MACOSX_DEPLOYMENT_TARGET = 26.0;
				MTL_ENABLE_DEBUG_INFO = NO;
				MTL_FAST_MATH = YES;
				PRODUCT_NAME = "$(TARGET_NAME)";
				SDKROOT = macosx;
				SWIFT_COMPILATION_MODE = wholemodule;
				SWIFT_OPTIMIZATION_LEVEL = "-O";
				SWIFT_VERSION = 6.0;
			};
			name = Release;
		};
		51021F3F84EE62D21C895CCB /* Debug */ = {
			isa = XCBuildConfiguration;
			buildSettings = {
				ALWAYS_SEARCH_USER_PATHS = NO;
				CLANG_ANALYZER_NONNULL = YES;
				CLANG_ANALYZER_NUMBER_OBJECT_CONVERSION = YES_AGGRESSIVE;
				CLANG_CXX_LANGUAGE_STANDARD = "gnu++14";
				CLANG_CXX_LIBRARY = "libc++";
				CLANG_ENABLE_MODULES = YES;
				CLANG_ENABLE_OBJC_ARC = YES;
				CLANG_ENABLE_OBJC_WEAK = YES;
				CLANG_WARN_BLOCK_CAPTURE_AUTORELEASING = YES;
				CLANG_WARN_BOOL_CONVERSION = YES;
				CLANG_WARN_COMMA = YES;
				CLANG_WARN_CONSTANT_CONVERSION = YES;
				CLANG_WARN_DEPRECATED_OBJC_IMPLEMENTATIONS = YES;
				CLANG_WARN_DIRECT_OBJC_ISA_USAGE = YES_ERROR;
				CLANG_WARN_DOCUMENTATION_COMMENTS = YES;
				CLANG_WARN_EMPTY_BODY = YES;
				CLANG_WARN_ENUM_CONVERSION = YES;
				CLANG_WARN_INFINITE_RECURSION = YES;
				CLANG_WARN_INT_CONVERSION = YES;
				CLANG_WARN_NON_LITERAL_NULL_CONVERSION = YES;
				CLANG_WARN_OBJC_IMPLICIT_RETAIN_SELF = YES;
				CLANG_WARN_OBJC_LITERAL_CONVERSION = YES;
				CLANG_WARN_OBJC_ROOT_CLASS = YES_ERROR;
				CLANG_WARN_QUOTED_INCLUDE_IN_FRAMEWORK_HEADER = YES;
				CLANG_WARN_RANGE_LOOP_ANALYSIS = YES;
				CLANG_WARN_STRICT_PROTOTYPES = YES;
				CLANG_WARN_SUSPICIOUS_MOVE = YES;
				CLANG_WARN_UNGUARDED_AVAILABILITY = YES_AGGRESSIVE;
				CLANG_WARN_UNREACHABLE_CODE = YES;
				CLANG_WARN__DUPLICATE_METHOD_MATCH = YES;
				COPY_PHASE_STRIP = NO;
				DEBUG_INFORMATION_FORMAT = dwarf;
				ENABLE_STRICT_OBJC_MSGSEND = YES;
				ENABLE_TESTABILITY = YES;
				ENABLE_USER_SCRIPT_SANDBOXING = NO;
				GCC_C_LANGUAGE_STANDARD = gnu11;
				GCC_DYNAMIC_NO_PIC = NO;
				GCC_NO_COMMON_BLOCKS = YES;
				GCC_OPTIMIZATION_LEVEL = 0;
				GCC_PREPROCESSOR_DEFINITIONS = (
					"$(inherited)",
					"DEBUG=1",
				);
				GCC_WARN_64_TO_32_BIT_CONVERSION = YES;
				GCC_WARN_ABOUT_RETURN_TYPE = YES_ERROR;
				GCC_WARN_UNDECLARED_SELECTOR = YES;
				GCC_WARN_UNINITIALIZED_AUTOS = YES_AGGRESSIVE;
				GCC_WARN_UNUSED_FUNCTION = YES;
				GCC_WARN_UNUSED_VARIABLE = YES;
				MACOSX_DEPLOYMENT_TARGET = 26.0;
				MTL_ENABLE_DEBUG_INFO = INCLUDE_SOURCE;
				MTL_FAST_MATH = YES;
				ONLY_ACTIVE_ARCH = YES;
				PRODUCT_NAME = "$(TARGET_NAME)";
				SDKROOT = macosx;
				SWIFT_ACTIVE_COMPILATION_CONDITIONS = DEBUG;
				SWIFT_OPTIMIZATION_LEVEL = "-Onone";
				SWIFT_VERSION = 6.0;
			};
			name = Debug;
		};
		56898FC7FC21D7867F299E05 /* Release */ = {
			isa = XCBuildConfiguration;
			buildSettings = {
				ASSETCATALOG_COMPILER_APPICON_NAME = AppIcon;
				CODE_SIGN_ENTITLEMENTS = MindKeeper/Resources/MindKeeper.entitlements;
				COMBINE_HIDPI_IMAGES = YES;
				INFOPLIST_FILE = MindKeeper/Resources/Info.plist;
				LD_RUNPATH_SEARCH_PATHS = (
					"$(inherited)",
					"@executable_path/../Frameworks",
				);
				PRODUCT_BUNDLE_IDENTIFIER = com.mindkeeper.app;
				PRODUCT_NAME = "Mind Keeper";
				SDKROOT = macosx;
			};
			name = Release;
		};
/* End XCBuildConfiguration section */

/* Begin XCConfigurationList section */
		32D1925256331D73E47D484E /* Build configuration list for PBXProject "MindKeeper" */ = {
			isa = XCConfigurationList;
			buildConfigurations = (
				51021F3F84EE62D21C895CCB /* Debug */,
				2ED7823DF787A91F27B8DA2E /* Release */,
			);
			defaultConfigurationIsVisible = 0;
			defaultConfigurationName = Debug;
		};
		8463448350C70F4E08372E1E /* Build configuration list for PBXNativeTarget "MindKeeper" */ = {
			isa = XCConfigurationList;
			buildConfigurations = (
				0B91CB5B47BD0260DD929B23 /* Debug */,
				56898FC7FC21D7867F299E05 /* Release */,
			);
			defaultConfigurationIsVisible = 0;
			defaultConfigurationName = Debug;
		};
/* End XCConfigurationList section */

/* Begin XCRemoteSwiftPackageReference section */
		F2F240A20F0EEF424093718B /* XCRemoteSwiftPackageReference "ollama-swift" */ = {
			isa = XCRemoteSwiftPackageReference;
			repositoryURL = "https://github.com/mattt/ollama-swift.git";
			requirement = {
				kind = upToNextMajorVersion;
				minimumVersion = 1.8.0;
			};
		};
/* End XCRemoteSwiftPackageReference section */

/* Begin XCSwiftPackageProductDependency section */
		03AF31DE5C0B43D043890465 /* Ollama */ = {
			isa = XCSwiftPackageProductDependency;
			package = F2F240A20F0EEF424093718B /* XCRemoteSwiftPackageReference "ollama-swift" */;
			productName = Ollama;
		};
/* End XCSwiftPackageProductDependency section */
	};
	rootObject = BADD2D96D4F475BE89110B9F /* Project object */;
}
